# Resolved for the semble 0.5.2 oracle on Python 3.12.
anyio==4.14.2
certifi==2026.7.22
click==8.4.2
filelock==3.32.0
fsspec==2026.6.0
h11==0.16.0
hf-xet==1.5.2
httpcore==1.0.9
httpx==0.28.1
huggingface-hub==1.24.0
idna==3.18
jinja2==3.1.6
joblib==1.5.3
markupsafe==3.0.3
model2vec==0.8.2
numpy==2.5.1
orjson==3.11.9
packaging==26.2
pathspec==1.1.1
prompt-toolkit==3.0.52
pyyaml==6.0.3
questionary==2.1.1
safetensors==0.8.0
semble==0.5.2
tokenizers==0.23.1
tqdm==4.69.0
tree-sitter==0.25.2
tree-sitter-language-pack==1.6.2
typing-extensions==4.16.0
vicinity==0.4.4
wcwidth==0.8.2
